
Microsoft Visual Studio Solution File, Format Version 12.00
# Visual Studio Version 16
VisualStudioVersion = 16.6.30114.105
MinimumVisualStudioVersion = 10.0.40219.1
Project("{9A19103F-16F7-4668-BE54-9A1E7A4F7556}") = "Gamgid.Models", "Gamgid.Models\Gamgid.Models.csproj", "{EA8A1CA6-FD7F-4F10-B2B8-4EB1F1614B53}"
EndProject
Project("{9A19103F-16F7-4668-BE54-9A1E7A4F7556}") = "Gamgid.Paging.Const", "Gamgid.Paging.Const\Gamgid.Paging.Const.csproj", "{7E2907C6-3063-48CC-951D-7012339EB840}"
EndProject
Project("{FAE04EC0-301F-11D3-BF4B-00C04F79EFBC}") = "Gamgid.Extensions", "Gamgid.Extensions\Gamgid.Extensions.csproj", "{D63ECD75-69CD-4245-9342-0004644779BD}"
EndProject
Global
	GlobalSection(SolutionConfigurationPlatforms) = preSolution
		Debug|Any CPU = Debug|Any CPU
		Debug|x64 = Debug|x64
		Debug|x86 = Debug|x86
		Release|Any CPU = Release|Any CPU
		Release|x64 = Release|x64
		Release|x86 = Release|x86
	EndGlobalSection
	GlobalSection(ProjectConfigurationPlatforms) = postSolution
		{EA8A1CA6-FD7F-4F10-B2B8-4EB1F1614B53}.Debug|Any CPU.ActiveCfg = Debug|Any CPU
		{EA8A1CA6-FD7F-4F10-B2B8-4EB1F1614B53}.Debug|Any CPU.Build.0 = Debug|Any CPU
		{EA8A1CA6-FD7F-4F10-B2B8-4EB1F1614B53}.Debug|x64.ActiveCfg = Debug|Any CPU
		{EA8A1CA6-FD7F-4F10-B2B8-4EB1F1614B53}.Debug|x64.Build.0 = Debug|Any CPU
		{EA8A1CA6-FD7F-4F10-B2B8-4EB1F1614B53}.Debug|x86.ActiveCfg = Debug|Any CPU
		{EA8A1CA6-FD7F-4F10-B2B8-4EB1F1614B53}.Debug|x86.Build.0 = Debug|Any CPU
		{EA8A1CA6-FD7F-4F10-B2B8-4EB1F1614B53}.Release|Any CPU.ActiveCfg = Release|Any CPU
		{EA8A1CA6-FD7F-4F10-B2B8-4EB1F1614B53}.Release|Any CPU.Build.0 = Release|Any CPU
		{EA8A1CA6-FD7F-4F10-B2B8-4EB1F1614B53}.Release|x64.ActiveCfg = Release|Any CPU
		{EA8A1CA6-FD7F-4F10-B2B8-4EB1F1614B53}.Release|x64.Build.0 = Release|Any CPU
		{EA8A1CA6-FD7F-4F10-B2B8-4EB1F1614B53}.Release|x86.ActiveCfg = Release|Any CPU
		{EA8A1CA6-FD7F-4F10-B2B8-4EB1F1614B53}.Release|x86.Build.0 = Release|Any CPU
		{7E2907C6-3063-48CC-951D-7012339EB840}.Debug|Any CPU.ActiveCfg = Debug|Any CPU
		{7E2907C6-3063-48CC-951D-7012339EB840}.Debug|Any CPU.Build.0 = Debug|Any CPU
		{7E2907C6-3063-48CC-951D-7012339EB840}.Debug|x64.ActiveCfg = Debug|Any CPU
		{7E2907C6-3063-48CC-951D-7012339EB840}.Debug|x64.Build.0 = Debug|Any CPU
		{7E2907C6-3063-48CC-951D-7012339EB840}.Debug|x86.ActiveCfg = Debug|Any CPU
		{7E2907C6-3063-48CC-951D-7012339EB840}.Debug|x86.Build.0 = Debug|Any CPU
		{7E2907C6-3063-48CC-951D-7012339EB840}.Release|Any CPU.ActiveCfg = Release|Any CPU
		{7E2907C6-3063-48CC-951D-7012339EB840}.Release|Any CPU.Build.0 = Release|Any CPU
		{7E2907C6-3063-48CC-951D-7012339EB840}.Release|x64.ActiveCfg = Release|Any CPU
		{7E2907C6-3063-48CC-951D-7012339EB840}.Release|x64.Build.0 = Release|Any CPU
		{7E2907C6-3063-48CC-951D-7012339EB840}.Release|x86.ActiveCfg = Release|Any CPU
		{7E2907C6-3063-48CC-951D-7012339EB840}.Release|x86.Build.0 = Release|Any CPU
		{D63ECD75-69CD-4245-9342-0004644779BD}.Debug|Any CPU.ActiveCfg = Debug|Any CPU
		{D63ECD75-69CD-4245-9342-0004644779BD}.Debug|Any CPU.Build.0 = Debug|Any CPU
		{D63ECD75-69CD-4245-9342-0004644779BD}.Debug|x64.ActiveCfg = Debug|Any CPU
		{D63ECD75-69CD-4245-9342-0004644779BD}.Debug|x64.Build.0 = Debug|Any CPU
		{D63ECD75-69CD-4245-9342-0004644779BD}.Debug|x86.ActiveCfg = Debug|Any CPU
		{D63ECD75-69CD-4245-9342-0004644779BD}.Debug|x86.Build.0 = Debug|Any CPU
		{D63ECD75-69CD-4245-9342-0004644779BD}.Release|Any CPU.ActiveCfg = Release|Any CPU
		{D63ECD75-69CD-4245-9342-0004644779BD}.Release|Any CPU.Build.0 = Release|Any CPU
		{D63ECD75-69CD-4245-9342-0004644779BD}.Release|x64.ActiveCfg = Release|Any CPU
		{D63ECD75-69CD-4245-9342-0004644779BD}.Release|x64.Build.0 = Release|Any CPU
		{D63ECD75-69CD-4245-9342-0004644779BD}.Release|x86.ActiveCfg = Release|Any CPU
		{D63ECD75-69CD-4245-9342-0004644779BD}.Release|x86.Build.0 = Release|Any CPU
	EndGlobalSection
	GlobalSection(SolutionProperties) = preSolution
		HideSolutionNode = FALSE
	EndGlobalSection
	GlobalSection(ExtensibilityGlobals) = postSolution
		SolutionGuid = {9F24CBBC-D29F-41B8-B5E1-3387BEF940D8}
	EndGlobalSection
EndGlobal
